
Microsoft Visual Studio Solution File, Format Version 12.00
Project("{FAE04EC0-301F-11D3-BF4B-00C04F79EFBC}") = "UserService", "UserService\UserService.csproj", "{A1A6022D-C777-4967-AB83-832C0A9C2F76}"
EndProject
Global
	GlobalSection(SolutionConfigurationPlatforms) = preSolution
		Debug|Any CPU = Debug|Any CPU
		Release|Any CPU = Release|Any CPU
	EndGlobalSection
	GlobalSection(ProjectConfigurationPlatforms) = postSolution
		{A1A6022D-C777-4967-AB83-832C0A9C2F76}.Debug|Any CPU.ActiveCfg = Debug|Any CPU
		{A1A6022D-C777-4967-AB83-832C0A9C2F76}.Debug|Any CPU.Build.0 = Debug|Any CPU
		{A1A6022D-C777-4967-AB83-832C0A9C2F76}.Release|Any CPU.ActiveCfg = Release|Any CPU
		{A1A6022D-C777-4967-AB83-832C0A9C2F76}.Release|Any CPU.Build.0 = Release|Any CPU
	EndGlobalSection
EndGlobal
